
Microsoft Visual Studio Solution File, Format Version 12.00
# Visual Studio Version 16
VisualStudioVersion = 16.0.32413.511
MinimumVisualStudioVersion = 10.0.40219.1
Project("{9A19103F-16F7-4668-BE54-9A1E7A4F7556}") = "MKEToolInterview", "MKEToolInterview\MKEToolInterview.csproj", "{E1643448-6FFB-4ED6-861A-5F30415D699E}"
EndProject
Project("{FAE04EC0-301F-11D3-BF4B-00C04F79EFBC}") = "MKEToolInterview.Service", "MKEToolInterview.Service\MKEToolInterview.Service.csproj", "{BE03D82D-00A2-4E64-933F-C220B888F962}"
EndProject
Project("{FAE04EC0-301F-11D3-BF4B-00C04F79EFBC}") = "MKEToolInterview.Models", "MKEToolInterview.Models\MKEToolInterview.Models.csproj", "{F5C90730-1773-4913-9DB9-19FC53A13765}"
EndProject
Global
	GlobalSection(SolutionConfigurationPlatforms) = preSolution
		Debug|Any CPU = Debug|Any CPU
		Release|Any CPU = Release|Any CPU
	EndGlobalSection
	GlobalSection(ProjectConfigurationPlatforms) = postSolution
		{E1643448-6FFB-4ED6-861A-5F30415D699E}.Debug|Any CPU.ActiveCfg = Debug|Any CPU
		{E1643448-6FFB-4ED6-861A-5F30415D699E}.Debug|Any CPU.Build.0 = Debug|Any CPU
		{E1643448-6FFB-4ED6-861A-5F30415D699E}.Release|Any CPU.ActiveCfg = Release|Any CPU
		{E1643448-6FFB-4ED6-861A-5F30415D699E}.Release|Any CPU.Build.0 = Release|Any CPU
		{BE03D82D-00A2-4E64-933F-C220B888F962}.Debug|Any CPU.ActiveCfg = Debug|Any CPU
		{BE03D82D-00A2-4E64-933F-C220B888F962}.Debug|Any CPU.Build.0 = Debug|Any CPU
		{BE03D82D-00A2-4E64-933F-C220B888F962}.Release|Any CPU.ActiveCfg = Release|Any CPU
		{BE03D82D-00A2-4E64-933F-C220B888F962}.Release|Any CPU.Build.0 = Release|Any CPU
		{F5C90730-1773-4913-9DB9-19FC53A13765}.Debug|Any CPU.ActiveCfg = Debug|Any CPU
		{F5C90730-1773-4913-9DB9-19FC53A13765}.Debug|Any CPU.Build.0 = Debug|Any CPU
		{F5C90730-1773-4913-9DB9-19FC53A13765}.Release|Any CPU.ActiveCfg = Release|Any CPU
		{F5C90730-1773-4913-9DB9-19FC53A13765}.Release|Any CPU.Build.0 = Release|Any CPU
	EndGlobalSection
	GlobalSection(SolutionProperties) = preSolution
		HideSolutionNode = FALSE
	EndGlobalSection
	GlobalSection(ExtensibilityGlobals) = postSolution
		SolutionGuid = {4363919B-C02C-4B84-86FF-28C080B2D8FE}
	EndGlobalSection
EndGlobal
